{
  "nodes": {
    "nixpkgs": {
      "locked": {
        "lastModified": 1767963205,
        "narHash": "sha256-yyfNWjY/DRhZJn+jWKhXeEvtKHkDFNipA2ILpOlCZ84=",
        "owner": "NixOS",
        "repo": "nixpkgs",
        "rev": "dc5703eada12b81edbdeacc5433e705eb739295f",
        "type": "github"
      },
      "original": {
        "owner": "NixOS",
        "repo": "nixpkgs",
        "type": "github"
      }
    },
    "root": {
      "inputs": {
        "nixpkgs": "nixpkgs"
      }
    }
  },
  "root": "root",
  "version": 7
}
